
Microsoft Visual Studio Solution File, Format Version 12.00
# Visual Studio Version 16
VisualStudioVersion = 16.0.30517.126
MinimumVisualStudioVersion = 10.0.40219.1
Project("{FAE04EC0-301F-11D3-BF4B-00C04F79EFBC}") = "Day_29_AddressBook-MultiThreading", "Day_29_AddressBook-MultiThreading\Day_29_AddressBook-MultiThreading.csproj", "{483F1C91-5DB3-400E-BC44-41425EDF2661}"
EndProject
Global
	GlobalSection(SolutionConfigurationPlatforms) = preSolution
		Debug|Any CPU = Debug|Any CPU
		Release|Any CPU = Release|Any CPU
	EndGlobalSection
	GlobalSection(ProjectConfigurationPlatforms) = postSolution
		{483F1C91-5DB3-400E-BC44-41425EDF2661}.Debug|Any CPU.ActiveCfg = Debug|Any CPU
		{483F1C91-5DB3-400E-BC44-41425EDF2661}.Debug|Any CPU.Build.0 = Debug|Any CPU
		{483F1C91-5DB3-400E-BC44-41425EDF2661}.Release|Any CPU.ActiveCfg = Release|Any CPU
		{483F1C91-5DB3-400E-BC44-41425EDF2661}.Release|Any CPU.Build.0 = Release|Any CPU
	EndGlobalSection
	GlobalSection(SolutionProperties) = preSolution
		HideSolutionNode = FALSE
	EndGlobalSection
	GlobalSection(ExtensibilityGlobals) = postSolution
		SolutionGuid = {7A1A4F3E-FE24-4833-A06E-F29B644E00E2}
	EndGlobalSection
EndGlobal
